
Microsoft Visual Studio Solution File, Format Version 12.00
# Visual Studio Version 16
VisualStudioVersion = 16.0.29905.134
MinimumVisualStudioVersion = 10.0.40219.1
Project("{FAE04EC0-301F-11D3-BF4B-00C04F79EFBC}") = "AppDistribuidoraPacifico", "AppDistribuidoraPacifico.csproj", "{02DDE892-D689-4003-9321-2ADC78B4D6DF}"
EndProject
Project("{FAE04EC0-301F-11D3-BF4B-00C04F79EFBC}") = "BLL", "..\BLL\BLL.csproj", "{24C7EAC8-59E3-4BC3-8164-18E6993D412A}"
EndProject
Project("{FAE04EC0-301F-11D3-BF4B-00C04F79EFBC}") = "DAL", "..\DAL\DAL.csproj", "{E094050F-C9E4-4031-991E-B22C837E03DF}"
EndProject
Global
	GlobalSection(SolutionConfigurationPlatforms) = preSolution
		Debug|Any CPU = Debug|Any CPU
		Release|Any CPU = Release|Any CPU
	EndGlobalSection
	GlobalSection(ProjectConfigurationPlatforms) = postSolution
		{02DDE892-D689-4003-9321-2ADC78B4D6DF}.Debug|Any CPU.ActiveCfg = Debug|Any CPU
		{02DDE892-D689-4003-9321-2ADC78B4D6DF}.Debug|Any CPU.Build.0 = Debug|Any CPU
		{02DDE892-D689-4003-9321-2ADC78B4D6DF}.Release|Any CPU.ActiveCfg = Release|Any CPU
		{02DDE892-D689-4003-9321-2ADC78B4D6DF}.Release|Any CPU.Build.0 = Release|Any CPU
		{24C7EAC8-59E3-4BC3-8164-18E6993D412A}.Debug|Any CPU.ActiveCfg = Debug|Any CPU
		{24C7EAC8-59E3-4BC3-8164-18E6993D412A}.Debug|Any CPU.Build.0 = Debug|Any CPU
		{24C7EAC8-59E3-4BC3-8164-18E6993D412A}.Release|Any CPU.ActiveCfg = Release|Any CPU
		{24C7EAC8-59E3-4BC3-8164-18E6993D412A}.Release|Any CPU.Build.0 = Release|Any CPU
		{E094050F-C9E4-4031-991E-B22C837E03DF}.Debug|Any CPU.ActiveCfg = Debug|Any CPU
		{E094050F-C9E4-4031-991E-B22C837E03DF}.Debug|Any CPU.Build.0 = Debug|Any CPU
		{E094050F-C9E4-4031-991E-B22C837E03DF}.Release|Any CPU.ActiveCfg = Release|Any CPU
		{E094050F-C9E4-4031-991E-B22C837E03DF}.Release|Any CPU.Build.0 = Release|Any CPU
	EndGlobalSection
	GlobalSection(SolutionProperties) = preSolution
		HideSolutionNode = FALSE
	EndGlobalSection
	GlobalSection(ExtensibilityGlobals) = postSolution
		SolutionGuid = {B69F6EBE-F2C8-4CF1-8C5A-A6AF32AC4628}
	EndGlobalSection
EndGlobal
